
Microsoft Visual Studio Solution File, Format Version 12.00
# Visual Studio 15
VisualStudioVersion = 15.0.27004.2008
MinimumVisualStudioVersion = 10.0.40219.1
Project("{FAE04EC0-301F-11D3-BF4B-00C04F79EFBC}") = "ChequePrint", "ChequePrint\ChequePrint.csproj", "{DCE6121C-2C30-4ED6-AC88-FC01C64F2D8B}"
EndProject
Project("{FAE04EC0-301F-11D3-BF4B-00C04F79EFBC}") = "ChequePrint.Tests", "ChequePrint.Tests\ChequePrint.Tests.csproj", "{AB394A83-0235-4401-A93E-E5B4C3734713}"
EndProject
Global
	GlobalSection(SolutionConfigurationPlatforms) = preSolution
		Debug|Any CPU = Debug|Any CPU
		Release|Any CPU = Release|Any CPU
	EndGlobalSection
	GlobalSection(ProjectConfigurationPlatforms) = postSolution
		{DCE6121C-2C30-4ED6-AC88-FC01C64F2D8B}.Debug|Any CPU.ActiveCfg = Debug|Any CPU
		{DCE6121C-2C30-4ED6-AC88-FC01C64F2D8B}.Debug|Any CPU.Build.0 = Debug|Any CPU
		{DCE6121C-2C30-4ED6-AC88-FC01C64F2D8B}.Release|Any CPU.ActiveCfg = Release|Any CPU
		{DCE6121C-2C30-4ED6-AC88-FC01C64F2D8B}.Release|Any CPU.Build.0 = Release|Any CPU
		{AB394A83-0235-4401-A93E-E5B4C3734713}.Debug|Any CPU.ActiveCfg = Debug|Any CPU
		{AB394A83-0235-4401-A93E-E5B4C3734713}.Debug|Any CPU.Build.0 = Debug|Any CPU
		{AB394A83-0235-4401-A93E-E5B4C3734713}.Release|Any CPU.ActiveCfg = Release|Any CPU
		{AB394A83-0235-4401-A93E-E5B4C3734713}.Release|Any CPU.Build.0 = Release|Any CPU
	EndGlobalSection
	GlobalSection(SolutionProperties) = preSolution
		HideSolutionNode = FALSE
	EndGlobalSection
	GlobalSection(ExtensibilityGlobals) = postSolution
		SolutionGuid = {ADFDF270-4515-400D-9855-4273BEECC36B}
	EndGlobalSection
EndGlobal
